
Microsoft Visual Studio Solution File, Format Version 12.00
Project("{FAE04EC0-301F-11D3-BF4B-00C04F79EFBC}") = "todo.storage", "todo.storage\todo.storage.csproj", "{3793D801-61C6-459B-B7BE-FCDDB2700B9A}"
EndProject
Project("{FAE04EC0-301F-11D3-BF4B-00C04F79EFBC}") = "todo.storage.db", "todo.storage.db\todo.storage.db.csproj", "{6808763F-637D-4D16-86BF-2C00F40EE1E2}"
EndProject
Project("{FAE04EC0-301F-11D3-BF4B-00C04F79EFBC}") = "todo.storage.model", "todo.storage.model\todo.storage.model.csproj", "{4A84CCD3-39B6-43DF-935E-17244EEC0FE5}"
EndProject
Global
	GlobalSection(SolutionConfigurationPlatforms) = preSolution
		Debug|Any CPU = Debug|Any CPU
		Release|Any CPU = Release|Any CPU
	EndGlobalSection
	GlobalSection(ProjectConfigurationPlatforms) = postSolution
		{3793D801-61C6-459B-B7BE-FCDDB2700B9A}.Debug|Any CPU.ActiveCfg = Debug|Any CPU
		{3793D801-61C6-459B-B7BE-FCDDB2700B9A}.Debug|Any CPU.Build.0 = Debug|Any CPU
		{3793D801-61C6-459B-B7BE-FCDDB2700B9A}.Release|Any CPU.ActiveCfg = Release|Any CPU
		{3793D801-61C6-459B-B7BE-FCDDB2700B9A}.Release|Any CPU.Build.0 = Release|Any CPU
		{6808763F-637D-4D16-86BF-2C00F40EE1E2}.Debug|Any CPU.ActiveCfg = Debug|Any CPU
		{6808763F-637D-4D16-86BF-2C00F40EE1E2}.Debug|Any CPU.Build.0 = Debug|Any CPU
		{6808763F-637D-4D16-86BF-2C00F40EE1E2}.Release|Any CPU.ActiveCfg = Release|Any CPU
		{6808763F-637D-4D16-86BF-2C00F40EE1E2}.Release|Any CPU.Build.0 = Release|Any CPU
		{4A84CCD3-39B6-43DF-935E-17244EEC0FE5}.Debug|Any CPU.ActiveCfg = Debug|Any CPU
		{4A84CCD3-39B6-43DF-935E-17244EEC0FE5}.Debug|Any CPU.Build.0 = Debug|Any CPU
		{4A84CCD3-39B6-43DF-935E-17244EEC0FE5}.Release|Any CPU.ActiveCfg = Release|Any CPU
		{4A84CCD3-39B6-43DF-935E-17244EEC0FE5}.Release|Any CPU.Build.0 = Release|Any CPU
	EndGlobalSection
EndGlobal
